
Microsoft Visual Studio Solution File, Format Version 12.00
# Visual Studio Version 16
VisualStudioVersion = 16.0.30717.126
MinimumVisualStudioVersion = 10.0.40219.1
Project("{9A19103F-16F7-4668-BE54-9A1E7A4F7556}") = "Chinook.API", "Chinook.API\Chinook.API.csproj", "{3B30A8B7-91BA-4549-9253-548304AE5F37}"
EndProject
Project("{9A19103F-16F7-4668-BE54-9A1E7A4F7556}") = "Chinook.DataEFCore", "Chinook.DataEFCore\Chinook.DataEFCore.csproj", "{67636B86-8C4B-44C4-801D-872E9B1E20A2}"
EndProject
Project("{9A19103F-16F7-4668-BE54-9A1E7A4F7556}") = "Chinook.Domain", "Chinook.Domain\Chinook.Domain.csproj", "{920E772F-A81B-49FB-846F-32D4B192FBCB}"
EndProject
Project("{9A19103F-16F7-4668-BE54-9A1E7A4F7556}") = "Chinook.IntegrationTest", "Chinook.IntegrationTest\Chinook.IntegrationTest.csproj", "{56321F1C-B24E-40BB-A089-4C914F56480C}"
EndProject
Project("{9A19103F-16F7-4668-BE54-9A1E7A4F7556}") = "Chinook.UnitTest", "Chinook.UnitTest\Chinook.UnitTest.csproj", "{C9B07EA2-278B-4DB8-A696-B0B0606E214E}"
EndProject
Global
	GlobalSection(SolutionConfigurationPlatforms) = preSolution
		Debug|Any CPU = Debug|Any CPU
		Release|Any CPU = Release|Any CPU
	EndGlobalSection
	GlobalSection(ProjectConfigurationPlatforms) = postSolution
		{3B30A8B7-91BA-4549-9253-548304AE5F37}.Debug|Any CPU.ActiveCfg = Debug|Any CPU
		{3B30A8B7-91BA-4549-9253-548304AE5F37}.Debug|Any CPU.Build.0 = Debug|Any CPU
		{3B30A8B7-91BA-4549-9253-548304AE5F37}.Release|Any CPU.ActiveCfg = Release|Any CPU
		{3B30A8B7-91BA-4549-9253-548304AE5F37}.Release|Any CPU.Build.0 = Release|Any CPU
		{67636B86-8C4B-44C4-801D-872E9B1E20A2}.Debug|Any CPU.ActiveCfg = Debug|Any CPU
		{67636B86-8C4B-44C4-801D-872E9B1E20A2}.Debug|Any CPU.Build.0 = Debug|Any CPU
		{67636B86-8C4B-44C4-801D-872E9B1E20A2}.Release|Any CPU.ActiveCfg = Release|Any CPU
		{67636B86-8C4B-44C4-801D-872E9B1E20A2}.Release|Any CPU.Build.0 = Release|Any CPU
		{920E772F-A81B-49FB-846F-32D4B192FBCB}.Debug|Any CPU.ActiveCfg = Debug|Any CPU
		{920E772F-A81B-49FB-846F-32D4B192FBCB}.Debug|Any CPU.Build.0 = Debug|Any CPU
		{920E772F-A81B-49FB-846F-32D4B192FBCB}.Release|Any CPU.ActiveCfg = Release|Any CPU
		{920E772F-A81B-49FB-846F-32D4B192FBCB}.Release|Any CPU.Build.0 = Release|Any CPU
		{56321F1C-B24E-40BB-A089-4C914F56480C}.Debug|Any CPU.ActiveCfg = Debug|Any CPU
		{56321F1C-B24E-40BB-A089-4C914F56480C}.Debug|Any CPU.Build.0 = Debug|Any CPU
		{56321F1C-B24E-40BB-A089-4C914F56480C}.Release|Any CPU.ActiveCfg = Release|Any CPU
		{56321F1C-B24E-40BB-A089-4C914F56480C}.Release|Any CPU.Build.0 = Release|Any CPU
		{C9B07EA2-278B-4DB8-A696-B0B0606E214E}.Debug|Any CPU.ActiveCfg = Debug|Any CPU
		{C9B07EA2-278B-4DB8-A696-B0B0606E214E}.Debug|Any CPU.Build.0 = Debug|Any CPU
		{C9B07EA2-278B-4DB8-A696-B0B0606E214E}.Release|Any CPU.ActiveCfg = Release|Any CPU
		{C9B07EA2-278B-4DB8-A696-B0B0606E214E}.Release|Any CPU.Build.0 = Release|Any CPU
	EndGlobalSection
	GlobalSection(SolutionProperties) = preSolution
		HideSolutionNode = FALSE
	EndGlobalSection
	GlobalSection(ExtensibilityGlobals) = postSolution
		SolutionGuid = {A986EEA3-400D-4821-A521-DAC2EE4E519E}
	EndGlobalSection
EndGlobal
